
Microsoft Visual Studio Solution File, Format Version 12.00
# Visual Studio Version 17
VisualStudioVersion = 17.4.33403.182
MinimumVisualStudioVersion = 10.0.40219.1
Project("{FAE04EC0-301F-11D3-BF4B-00C04F79EFBC}") = "ChatGpt", "ChatGpt.csproj", "{10C94F9F-CA3A-47D0-8279-D1441935AD29}"
EndProject
Global
	GlobalSection(SolutionConfigurationPlatforms) = preSolution
		Debug|Any CPU = Debug|Any CPU
		Release|Any CPU = Release|Any CPU
	EndGlobalSection
	GlobalSection(ProjectConfigurationPlatforms) = postSolution
		{10C94F9F-CA3A-47D0-8279-D1441935AD29}.Debug|Any CPU.ActiveCfg = Debug|Any CPU
		{10C94F9F-CA3A-47D0-8279-D1441935AD29}.Debug|Any CPU.Build.0 = Debug|Any CPU
		{10C94F9F-CA3A-47D0-8279-D1441935AD29}.Release|Any CPU.ActiveCfg = Release|Any CPU
		{10C94F9F-CA3A-47D0-8279-D1441935AD29}.Release|Any CPU.Build.0 = Release|Any CPU
	EndGlobalSection
	GlobalSection(SolutionProperties) = preSolution
		HideSolutionNode = FALSE
	EndGlobalSection
	GlobalSection(ExtensibilityGlobals) = postSolution
		SolutionGuid = {37E4BCBF-2B99-422E-A874-E3B5748962E0}
	EndGlobalSection
EndGlobal
